
Microsoft Visual Studio Solution File, Format Version 12.00
# Visual Studio Version 17
VisualStudioVersion = 17.6.33829.357
MinimumVisualStudioVersion = 10.0.40219.1
Project("{FAE04EC0-301F-11D3-BF4B-00C04F79EFBC}") = "CurrencyConverter_Static", "CurrencyConverter_Static\CurrencyConverter_Static.csproj", "{3C030CF9-0797-4CB2-8687-5E432D2D36BC}"
EndProject
Global
	GlobalSection(SolutionConfigurationPlatforms) = preSolution
		Debug|Any CPU = Debug|Any CPU
		Release|Any CPU = Release|Any CPU
	EndGlobalSection
	GlobalSection(ProjectConfigurationPlatforms) = postSolution
		{3C030CF9-0797-4CB2-8687-5E432D2D36BC}.Debug|Any CPU.ActiveCfg = Debug|Any CPU
		{3C030CF9-0797-4CB2-8687-5E432D2D36BC}.Debug|Any CPU.Build.0 = Debug|Any CPU
		{3C030CF9-0797-4CB2-8687-5E432D2D36BC}.Release|Any CPU.ActiveCfg = Release|Any CPU
		{3C030CF9-0797-4CB2-8687-5E432D2D36BC}.Release|Any CPU.Build.0 = Release|Any CPU
	EndGlobalSection
	GlobalSection(SolutionProperties) = preSolution
		HideSolutionNode = FALSE
	EndGlobalSection
	GlobalSection(ExtensibilityGlobals) = postSolution
		SolutionGuid = {14268473-D031-4F0D-8355-4EAC915323DC}
	EndGlobalSection
EndGlobal
